
Microsoft Visual Studio Solution File, Format Version 12.00
# Visual Studio Version 16
VisualStudioVersion = 25.0.1704.0
MinimumVisualStudioVersion = 10.0.40219.1
Project("{FAE04EC0-301F-11D3-BF4B-00C04F79EFBC}") = "JwtAuthService.webapi", "JwtAuthService\JwtAuthService.webapi.csproj", "{EC25286E-D61C-49AD-BDAA-54ABF8002322}"
EndProject
Project("{FAE04EC0-301F-11D3-BF4B-00C04F79EFBC}") = "JwtAuthService.Common.Models", "JwtAuthService.Common.Models\JwtAuthService.Common.Models.csproj", "{C0F05BCD-D545-4B3D-99F9-FECBE3BC7011}"
EndProject
Global
	GlobalSection(SolutionConfigurationPlatforms) = preSolution
		Debug|Any CPU = Debug|Any CPU
		Release|Any CPU = Release|Any CPU
	EndGlobalSection
	GlobalSection(ProjectConfigurationPlatforms) = postSolution
		{EC25286E-D61C-49AD-BDAA-54ABF8002322}.Debug|Any CPU.ActiveCfg = Debug|Any CPU
		{EC25286E-D61C-49AD-BDAA-54ABF8002322}.Debug|Any CPU.Build.0 = Debug|Any CPU
		{EC25286E-D61C-49AD-BDAA-54ABF8002322}.Release|Any CPU.ActiveCfg = Release|Any CPU
		{EC25286E-D61C-49AD-BDAA-54ABF8002322}.Release|Any CPU.Build.0 = Release|Any CPU
		{C0F05BCD-D545-4B3D-99F9-FECBE3BC7011}.Debug|Any CPU.ActiveCfg = Debug|Any CPU
		{C0F05BCD-D545-4B3D-99F9-FECBE3BC7011}.Debug|Any CPU.Build.0 = Debug|Any CPU
		{C0F05BCD-D545-4B3D-99F9-FECBE3BC7011}.Release|Any CPU.ActiveCfg = Release|Any CPU
		{C0F05BCD-D545-4B3D-99F9-FECBE3BC7011}.Release|Any CPU.Build.0 = Release|Any CPU
	EndGlobalSection
	GlobalSection(SolutionProperties) = preSolution
		HideSolutionNode = FALSE
	EndGlobalSection
	GlobalSection(ExtensibilityGlobals) = postSolution
		SolutionGuid = {6AB83B5C-ED54-46F3-BE40-91B5988D4AC1}
	EndGlobalSection
EndGlobal
